#MicroXplorer Configuration settings - do not modify
#Tue Apr 01 15:55:10 CEST 2014
Dma.I2S2_EXT_RX.2.Channel=DMA_CHANNEL_3
Dma.I2S2_EXT_RX.2.Direction=DMA_PERIPH_TO_MEMORY
Dma.I2S2_EXT_RX.2.FIFOMode=DMA_FIFOMODE_DISABLE
Dma.I2S2_EXT_RX.2.Instance=DMA1_Stream3
Dma.I2S2_EXT_RX.2.MemDataAlignment=DMA_MDATAALIGN_HALFWORD
Dma.I2S2_EXT_RX.2.MemInc=DMA_MINC_ENABLE
Dma.I2S2_EXT_RX.2.Mode=DMA_CIRCULAR
Dma.I2S2_EXT_RX.2.PeriphDataAlignment=DMA_PDATAALIGN_HALFWORD
Dma.I2S2_EXT_RX.2.PeriphInc=DMA_PINC_DISABLE
Dma.I2S2_EXT_RX.2.Priority=DMA_PRIORITY_LOW
Dma.I2S2_EXT_RX.2.RequestParameters=Instance,Channel,Direction,PeriphInc,MemInc,PeriphDataAlignment,MemDataAlignment,Mode,Priority,FIFOMode
Dma.I2S3_EXT_RX.1.Channel=DMA_CHANNEL_3
Dma.I2S3_EXT_RX.1.Direction=DMA_PERIPH_TO_MEMORY
Dma.I2S3_EXT_RX.1.FIFOMode=DMA_FIFOMODE_DISABLE
Dma.I2S3_EXT_RX.1.Instance=DMA1_Stream0
Dma.I2S3_EXT_RX.1.MemDataAlignment=DMA_MDATAALIGN_HALFWORD
Dma.I2S3_EXT_RX.1.MemInc=DMA_MINC_ENABLE
Dma.I2S3_EXT_RX.1.Mode=DMA_NORMAL
Dma.I2S3_EXT_RX.1.PeriphDataAlignment=DMA_PDATAALIGN_HALFWORD
Dma.I2S3_EXT_RX.1.PeriphInc=DMA_PINC_DISABLE
Dma.I2S3_EXT_RX.1.Priority=DMA_PRIORITY_LOW
Dma.I2S3_EXT_RX.1.RequestParameters=Instance,Channel,Direction,PeriphInc,MemInc,PeriphDataAlignment,MemDataAlignment,Mode,Priority,FIFOMode
Dma.Request0=SAI1_A
Dma.Request1=I2S3_EXT_RX
Dma.Request2=I2S2_EXT_RX
Dma.RequestsNb=3
Dma.SAI1_A.0.Channel=DMA_CHANNEL_0
Dma.SAI1_A.0.Direction=DMA_PERIPH_TO_MEMORY
Dma.SAI1_A.0.FIFOMode=DMA_FIFOMODE_DISABLE
Dma.SAI1_A.0.Instance=DMA2_Stream1
Dma.SAI1_A.0.MemDataAlignment=DMA_MDATAALIGN_HALFWORD
Dma.SAI1_A.0.MemInc=DMA_MINC_ENABLE
Dma.SAI1_A.0.Mode=DMA_CIRCULAR
Dma.SAI1_A.0.PeriphDataAlignment=DMA_PDATAALIGN_HALFWORD
Dma.SAI1_A.0.PeriphInc=DMA_PINC_DISABLE
Dma.SAI1_A.0.Priority=DMA_PRIORITY_LOW
Dma.SAI1_A.0.RequestParameters=Instance,Channel,Direction,PeriphInc,MemInc,PeriphDataAlignment,MemDataAlignment,Mode,Priority,FIFOMode
File.Version=2
I2S2.ErrorAudioFreq-Half_Duplex_Master=- %
I2S2.IPParameters=RealAudioFreq-Half_Duplex_Master,ErrorAudioFreq-Half_Duplex_Master
I2S2.RealAudioFreq-Half_Duplex_Master=- Hz
I2S3.ErrorAudioFreq-Half_Duplex_Master=- %
I2S3.IPParameters=RealAudioFreq-Half_Duplex_Master,ErrorAudioFreq-Half_Duplex_Master
I2S3.RealAudioFreq-Half_Duplex_Master=- Hz
KeepUserPlacement=false
Mcu.Family=STM32F4
Mcu.IP0=DMA
Mcu.IP1=I2C1
Mcu.IP10=USART2
Mcu.IP2=I2S2
Mcu.IP3=I2S3
Mcu.IP4=NVIC
Mcu.IP5=RCC
Mcu.IP6=SAI1
Mcu.IP7=SPI1
Mcu.IP8=SYS
Mcu.IP9=UART8
Mcu.IPNb=11
Mcu.Name=STM32F427V(G-I)Tx
Mcu.Package=LQFP100
Mcu.Pin0=PE2
Mcu.Pin1=PE4
Mcu.Pin10=PA2
Mcu.Pin11=PA3
Mcu.Pin12=PA4
Mcu.Pin13=PA5
Mcu.Pin14=PA6
Mcu.Pin15=PA7
Mcu.Pin16=PC4
Mcu.Pin17=PB0
Mcu.Pin18=PB1
Mcu.Pin19=PB10
Mcu.Pin2=PE5
Mcu.Pin20=PB12
Mcu.Pin21=PB15
Mcu.Pin22=PD8
Mcu.Pin23=PD9
Mcu.Pin24=PD12
Mcu.Pin25=PD13
Mcu.Pin26=PD15
Mcu.Pin27=PC6
Mcu.Pin28=PC7
Mcu.Pin29=PA8
Mcu.Pin3=PE6
Mcu.Pin30=PA9
Mcu.Pin31=PA10
Mcu.Pin32=PA13
Mcu.Pin33=PA14
Mcu.Pin34=PC10
Mcu.Pin35=PC12
Mcu.Pin36=PD5
Mcu.Pin37=PD6
Mcu.Pin38=PB5
Mcu.Pin39=PB6
Mcu.Pin4=PC13
Mcu.Pin40=PB7
Mcu.Pin41=PB8
Mcu.Pin42=PB9
Mcu.Pin43=PE0
Mcu.Pin44=PE1
Mcu.Pin5=PC14/OSC32_IN
Mcu.Pin6=PC15/OSC32_OUT
Mcu.Pin7=PH0/OSC_IN
Mcu.Pin8=PH1/OSC_OUT
Mcu.Pin9=PC3
Mcu.PinsNb=45
Mcu.UserName=STM32F427VITx
NVIC.SysTick_IRQn=true\:0\:0
PA10.Signal=GPIO_Output
PA13.Mode=Serial-Wire
PA13.Signal=SYS_JTMS-SWDIO
PA14.Mode=Serial-Wire
PA14.Signal=SYS_JTCK-SWCLK
PA2.Signal=GPIO_Output
PA3.Signal=GPIO_Output
PA4.Mode=Half_Duplex_Master
PA4.Signal=I2S3_WS
PA5.Mode=Full_Duplex_Master
PA5.Signal=SPI1_SCK
PA6.Mode=Full_Duplex_Master
PA6.Signal=SPI1_MISO
PA7.Mode=Full_Duplex_Master
PA7.Signal=SPI1_MOSI
PA8.Signal=GPIO_Output
PA9.Signal=GPIO_Output
PB0.Signal=GPIO_Output
PB1.Signal=GPIO_Input
PB10.Mode=Half_Duplex_Master
PB10.Signal=I2S2_CK
PB12.Mode=Half_Duplex_Master
PB12.Signal=I2S2_WS
PB15.Signal=GPIO_Output
PB5.Signal=GPIO_Input
PB6.Mode=I2C
PB6.Signal=I2C1_SCL
PB7.Mode=I2C
PB7.Signal=I2C1_SDA
PB8.Signal=GPIO_Output
PB9.Signal=GPIO_Output
PC10.Mode=Half_Duplex_Master
PC10.Signal=I2S3_CK
PC12.Mode=Half_Duplex_Master
PC12.Signal=I2S3_SD
PC13.Signal=GPIO_Input
PC14/OSC32_IN.Signal=GPIO_Output
PC15/OSC32_OUT.Signal=GPIO_Output
PC3.Mode=Half_Duplex_Master
PC3.Signal=I2S2_SD
PC4.Signal=GPIO_Output
PC6.Mode=Master_Clock_Activated
PC6.Signal=I2S2_MCK
PC7.Mode=Master_Clock_Activated
PC7.Signal=I2S3_MCK
PCC.Family=STM32F4
PCC.MCU=STM32F427V(G-I)Tx
PCC.MXVersion=4.0.0
PCC.PartNumber=STM32F427VITx
PCC.Seq0=0
PCC.SubFamily=STM32F427/437
PCC.Temperature=25
PCC.Vdd=3.3
PD12.Signal=GPIO_Output
PD13.Signal=GPIO_Output
PD15.Signal=GPIO_Output
PD5.Mode=Asynchronous
PD5.Signal=USART2_TX
PD6.Mode=Asynchronous
PD6.Signal=USART2_RX
PD8.Signal=GPIO_Output
PD9.Signal=GPIO_Output
PE0.Mode=Asynchronous
PE0.Signal=UART8_RX
PE1.Mode=Asynchronous
PE1.Signal=UART8_TX
PE2.Mode=SAI_A_MasterWithClock
PE2.Signal=SAI1_MCLK_A
PE4.Mode=SAI_A_MasterWithClock
PE4.Signal=SAI1_FS_A
PE5.Mode=SAI_A_MasterWithClock
PE5.Signal=SAI1_SCK_A
PE6.Mode=SAI_A_MasterWithClock
PE6.Signal=SAI1_SD_A
PH0/OSC_IN.Mode=HSE-External-Oscillator
PH0/OSC_IN.Signal=RCC_OSC_IN
PH1/OSC_OUT.Mode=HSE-External-Oscillator
PH1/OSC_OUT.Signal=RCC_OSC_OUT
ProjectManager.AskForMigrate=true
ProjectManager.BackupPrevious=false
ProjectManager.CompilerOptimize=2
ProjectManager.ComputerToolchain=false
ProjectManager.CoupleFile=true
ProjectManager.DeletePrevious=true
ProjectManager.DeviceId=STM32F427VITx
ProjectManager.FirmwarePackage=STM32Cube FW_F4 V1.1.0
ProjectManager.FreePins=true
ProjectManager.KeepUserCode=true
ProjectManager.LastFirmware=true
ProjectManager.LibraryCopy=0
ProjectManager.ProjectBuild=false
ProjectManager.ProjectFileName=STM32F427_cube.ioc
ProjectManager.ProjectName=STM32F427_cube
ProjectManager.TargetToolchain=EWARM 6.70
RCC.FamilyName=M
RCC.HSE_VALUE=25000000
RCC.HSI_VALUE=16000000
RCC.IPParameters=AHBFreq_Value,RTCHSEDivFreq_Value,APB2Freq_Value,VCOInputFreq_Value,48MHZClocksFreq_Value,SYSCLKFreq_VALUE,RTCFreq_Value,VCOSAIOutputFreq_Value,I2SClocksFreq_Value,VCOI2SOutputFreq_Value,LSI_VALUE,APB1Freq_Value,HSI_VALUE,HSE_VALUE,PLLCLKFreq_Value,LSE_VALUE,FamilyName,VCOOutputFreq_Value
RCC.LSE_VALUE=32768
RCC.LSI_VALUE=32000
SAI1.ErrorAudioFreq-SAI_A_MasterWithClock=-75.07 %
SAI1.IPParameters=RealAudioFreq-SAI_A_MasterWithClock,ErrorAudioFreq-SAI_A_MasterWithClock,Instance-SAI_A_MasterWithClock,MClockEnable-SAI_A_MasterWithClock
SAI1.Instance-SAI_A_MasterWithClock=SAI$Index_Block_A
SAI1.MClockEnable-SAI_A_MasterWithClock=SAI_MASTERCLOCK_ENABLE
SAI1.RealAudioFreq-SAI_A_MasterWithClock=47.851 KHz
SPI1.CalculateBaudRate-Full_Duplex_Master=8.0 MBits/s
SPI1.IPParameters=CalculateBaudRate-Full_Duplex_Master,Mode-Full_Duplex_Master
SPI1.Mode-Full_Duplex_Master=SPI_MODE_MASTER
